<?xml version="1.0" encoding="utf-8"?>
<Project ToolsVersion="4.0" xmlns="http://schemas.microsoft.com/developer/msbuild/2003">
  <ItemGroup>
    <Filter Include="源文件">
      <UniqueIdentifier>{4FC737F1-C7A5-4376-A066-2A32D752A2FF}</UniqueIdentifier>
      <Extensions>cpp;c;cc;cxx;def;odl;idl;hpj;bat;asm;asmx</Extensions>
    </Filter>
    <Filter Include="头文件">
      <UniqueIdentifier>{93995380-89BD-4b04-88EB-625FBE52EBFB}</UniqueIdentifier>
      <Extensions>h;hh;hpp;hxx;hm;inl;inc;xsd</Extensions>
    </Filter>
    <Filter Include="资源文件">
      <UniqueIdentifier>{67DA6AB6-F800-4c08-8B7A-83BB121AAD01}</UniqueIdentifier>
      <Extensions>rc;ico;cur;bmp;dlg;rc2;rct;bin;rgs;gif;jpg;jpeg;jpe;resx;tiff;tif;png;wav;mfcribbon-ms</Extensions>
    </Filter>
  </ItemGroup>
  <ItemGroup>
    <Text Include="ReadMe.txt" />
  </ItemGroup>
  <ItemGroup>
    <ClInclude Include="DRConverter.h">
      <Filter>头文件</Filter>
    </ClInclude>
    <ClInclude Include="DRConverterDlg.h">
      <Filter>头文件</Filter>
    </ClInclude>
    <ClInclude Include="stdafx.h">
      <Filter>头文件</Filter>
    </ClInclude>
    <ClInclude Include="targetver.h">
      <Filter>头文件</Filter>
    </ClInclude>
    <ClInclude Include="Resource.h">
      <Filter>头文件</Filter>
    </ClInclude>
    <ClInclude Include="Page1.h">
      <Filter>头文件</Filter>
    </ClInclude>
    <ClInclude Include="Page2.h">
      <Filter>头文件</Filter>
    </ClInclude>
    <ClInclude Include="DRTable.h">
      <Filter>头文件</Filter>
    </ClInclude>
    <ClInclude Include="functions.h">
      <Filter>头文件</Filter>
    </ClInclude>
    <ClInclude Include="VSBottomBar.h">
      <Filter>头文件</Filter>
    </ClInclude>
    <ClInclude Include="VSBottomBarWnd.h">
      <Filter>头文件</Filter>
    </ClInclude>
    <ClInclude Include="VSCurrentSliceEdit.h">
      <Filter>头文件</Filter>
    </ClInclude>
    <ClInclude Include="VSImageInfoDlg.h">
      <Filter>头文件</Filter>
    </ClInclude>
    <ClInclude Include="VSSliceSliderCtrl.h">
      <Filter>头文件</Filter>
    </ClInclude>
    <ClInclude Include="PageParent.h">
      <Filter>头文件</Filter>
    </ClInclude>
    <ClInclude Include="DlgProcess.h">
      <Filter>头文件</Filter>
    </ClInclude>
    <ClInclude Include="ImageViewer\DlgHistogram.h">
      <Filter>头文件</Filter>
    </ClInclude>
    <ClInclude Include="ImageViewer\DlgImageInfomation.h">
      <Filter>头文件</Filter>
    </ClInclude>
    <ClInclude Include="ImageViewer\DlgImageViewer.h">
      <Filter>头文件</Filter>
    </ClInclude>
    <ClInclude Include="ImageViewer\DlgQuickViewer.h">
      <Filter>头文件</Filter>
    </ClInclude>
    <ClInclude Include="ImageViewer\ImageScrollView.h">
      <Filter>头文件</Filter>
    </ClInclude>
  </ItemGroup>
  <ItemGroup>
    <ClCompile Include="DRConverter.cpp">
      <Filter>源文件</Filter>
    </ClCompile>
    <ClCompile Include="DRConverterDlg.cpp">
      <Filter>源文件</Filter>
    </ClCompile>
    <ClCompile Include="stdafx.cpp">
      <Filter>源文件</Filter>
    </ClCompile>
    <ClCompile Include="Page1.cpp">
      <Filter>源文件</Filter>
    </ClCompile>
    <ClCompile Include="Page2.cpp">
      <Filter>源文件</Filter>
    </ClCompile>
    <ClCompile Include="DRTable.cpp">
      <Filter>源文件</Filter>
    </ClCompile>
    <ClCompile Include="functions.cpp">
      <Filter>源文件</Filter>
    </ClCompile>
    <ClCompile Include="VSBottomBar.cpp">
      <Filter>源文件</Filter>
    </ClCompile>
    <ClCompile Include="VSBottomBarWnd.cpp">
      <Filter>源文件</Filter>
    </ClCompile>
    <ClCompile Include="VSCurrentSliceEdit.cpp">
      <Filter>源文件</Filter>
    </ClCompile>
    <ClCompile Include="VSImageInfoDlg.cpp">
      <Filter>源文件</Filter>
    </ClCompile>
    <ClCompile Include="VSSliceSliderCtrl.cpp">
      <Filter>源文件</Filter>
    </ClCompile>
    <ClCompile Include="PageParent.cpp">
      <Filter>源文件</Filter>
    </ClCompile>
    <ClCompile Include="DlgProcess.cpp">
      <Filter>源文件</Filter>
    </ClCompile>
    <ClCompile Include="ImageViewer\DlgHistogram.cpp">
      <Filter>源文件</Filter>
    </ClCompile>
    <ClCompile Include="ImageViewer\DlgImageInfomation.cpp">
      <Filter>源文件</Filter>
    </ClCompile>
    <ClCompile Include="ImageViewer\DlgImageViewer.cpp">
      <Filter>源文件</Filter>
    </ClCompile>
    <ClCompile Include="ImageViewer\DlgQuickViewer.cpp">
      <Filter>源文件</Filter>
    </ClCompile>
    <ClCompile Include="ImageViewer\ImageScrollView.cpp">
      <Filter>源文件</Filter>
    </ClCompile>
  </ItemGroup>
  <ItemGroup>
    <ResourceCompile Include="DRConverter.rc">
      <Filter>资源文件</Filter>
    </ResourceCompile>
  </ItemGroup>
  <ItemGroup>
    <None Include="res\DRConverter.rc2">
      <Filter>资源文件</Filter>
    </None>
  </ItemGroup>
  <ItemGroup>
    <Image Include="res\DRConverter.ico">
      <Filter>资源文件</Filter>
    </Image>
    <Image Include="res\DlgImagePropPage.ico">
      <Filter>资源文件</Filter>
    </Image>
    <Image Include="res\FullScreenView.ico">
      <Filter>资源文件</Filter>
    </Image>
    <Image Include="res\NextSlice.ICO">
      <Filter>资源文件</Filter>
    </Image>
    <Image Include="res\OriginSizeView.ico">
      <Filter>资源文件</Filter>
    </Image>
    <Image Include="res\PreviewSlice.ICO">
      <Filter>资源文件</Filter>
    </Image>
    <Image Include="res\AddSlice.ico">
      <Filter>资源文件</Filter>
    </Image>
    <Image Include="res\DeleteSlice.ico">
      <Filter>资源文件</Filter>
    </Image>
    <Image Include="res\About.ico">
      <Filter>资源文件</Filter>
    </Image>
    <Image Include="res\Copy.ico">
      <Filter>资源文件</Filter>
    </Image>
    <Image Include="res\FlipH.ico">
      <Filter>资源文件</Filter>
    </Image>
    <Image Include="res\FlipV.ico">
      <Filter>资源文件</Filter>
    </Image>
    <Image Include="res\Histogram.ico">
      <Filter>资源文件</Filter>
    </Image>
    <Image Include="res\ImageInfo.ico">
      <Filter>资源文件</Filter>
    </Image>
    <Image Include="res\ImageViewer.ico">
      <Filter>资源文件</Filter>
    </Image>
    <Image Include="res\Qiut.ico">
      <Filter>资源文件</Filter>
    </Image>
    <Image Include="res\Save.ico">
      <Filter>资源文件</Filter>
    </Image>
    <Image Include="res\ZoomDefault.ico">
      <Filter>资源文件</Filter>
    </Image>
    <Image Include="res\ZoomIn.ico">
      <Filter>资源文件</Filter>
    </Image>
    <Image Include="res\ZoomOut.ico">
      <Filter>资源文件</Filter>
    </Image>
  </ItemGroup>
</Project>